
Microsoft Visual Studio Solution File, Format Version 9.00
# Visual Studio 2005
Project("{8BC9CEB8-8B4A-11D0-8D11-00A0C91BC942}") = "dotNET Wrapper", "dotNET Wrapper\dotNET Wrapper.vcproj", "{6D50B610-1519-4AB8-B71B-6D81A04D7369}"
EndProject
Project("{8BC9CEB8-8B4A-11D0-8D11-00A0C91BC942}") = "Flat Wrapper", "Flat Wrapper\Flat Wrapper.vcproj", "{B9BCCF2C-9685-4716-AB60-3E81B33F52BE}"
EndProject
Project("{FAE04EC0-301F-11D3-BF4B-00C04F79EFBC}") = "dotNET Wrapper 2", "dotNET Wrapper 2\dotNET Wrapper 2.csproj", "{9CE4383A-7EFA-43D5-868D-AF6F6866060F}"
EndProject
Project("{8BC9CEB8-8B4A-11D0-8D11-00A0C91BC942}") = "Flat Wrapper CE", "Flat Wrapper\Flat Wrapper CE.vcproj", "{5FECB775-9112-4D7C-BF6F-E44D06B9F9C7}"
EndProject
Project("{FAE04EC0-301F-11D3-BF4B-00C04F79EFBC}") = "dotNET Wrapper 2 CE", "dotNET Wrapper 2\dotNET Wrapper 2 CE.csproj", "{0E2C5B55-9C38-45E8-B59B-D926045D8E17}"
EndProject
Project("{8BC9CEB8-8B4A-11D0-8D11-00A0C91BC942}") = "OPC Common Proxy CE", "OPC Common Proxy CE\opccomn_ps.vcproj", "{88EF20A4-3006-4CD3-AAD0-0067EF30F3FD}"
EndProject
Project("{2150E333-8FDC-42A3-9474-1A3956D46DE8}") = "Windows", "Windows", "{AA5B2849-61FC-4737-B402-0CDEA5624577}"
EndProject
Project("{2150E333-8FDC-42A3-9474-1A3956D46DE8}") = "Windows CE", "Windows CE", "{C260A6A1-983F-43CB-A65B-B5168BA8CA5E}"
EndProject
Project("{8BC9CEB8-8B4A-11D0-8D11-00A0C91BC942}") = "IEnumGUID Proxy CE", "IEnumGUID Proxy CE\opcceproxy.vcproj", "{1CD9B8BB-4BFC-4EA2-8AAF-91AEF1C21D91}"
EndProject
Project("{8BC9CEB8-8B4A-11D0-8D11-00A0C91BC942}") = "OPCEnum CE", "OPCEnum CE\opcenum.vcproj", "{5B10CE17-0127-49C3-BDBF-85205A782149}"
EndProject
Project("{8BC9CEB8-8B4A-11D0-8D11-00A0C91BC942}") = "Components Categories Manager CE", "CCM CE\ccm.vcproj", "{53647423-1B5A-4A0A-A5BE-0FD045EF4E81}"
EndProject
Project("{8BC9CEB8-8B4A-11D0-8D11-00A0C91BC942}") = "OPC Data Access Proxy CE", "OPC Data Access Proxy CE\opcproxy.vcproj", "{A541865C-0382-4598-83D5-E1CFB4FCF92F}"
EndProject
Global
	GlobalSection(SolutionConfigurationPlatforms) = preSolution
		Debug|Any CPU = Debug|Any CPU
		Debug|GrayboxCE (ARMV4I) = Debug|GrayboxCE (ARMV4I)
		Debug|GrayboxCE (x86) = Debug|GrayboxCE (x86)
		Debug|Mixed Platforms = Debug|Mixed Platforms
		Debug|Pocket PC 2003 (ARMV4) = Debug|Pocket PC 2003 (ARMV4)
		Debug|Smartphone 2003 (ARMV4) = Debug|Smartphone 2003 (ARMV4)
		Debug|Win32 = Debug|Win32
		Release|Any CPU = Release|Any CPU
		Release|GrayboxCE (ARMV4I) = Release|GrayboxCE (ARMV4I)
		Release|GrayboxCE (x86) = Release|GrayboxCE (x86)
		Release|Mixed Platforms = Release|Mixed Platforms
		Release|Pocket PC 2003 (ARMV4) = Release|Pocket PC 2003 (ARMV4)
		Release|Smartphone 2003 (ARMV4) = Release|Smartphone 2003 (ARMV4)
		Release|Win32 = Release|Win32
	EndGlobalSection
	GlobalSection(ProjectConfigurationPlatforms) = postSolution
		{6D50B610-1519-4AB8-B71B-6D81A04D7369}.Debug|Any CPU.ActiveCfg = Debug|Win32
		{6D50B610-1519-4AB8-B71B-6D81A04D7369}.Debug|GrayboxCE (ARMV4I).ActiveCfg = Debug|Win32
		{6D50B610-1519-4AB8-B71B-6D81A04D7369}.Debug|GrayboxCE (x86).ActiveCfg = Debug|Win32
		{6D50B610-1519-4AB8-B71B-6D81A04D7369}.Debug|Mixed Platforms.ActiveCfg = Debug|Win32
		{6D50B610-1519-4AB8-B71B-6D81A04D7369}.Debug|Mixed Platforms.Build.0 = Debug|Win32
		{6D50B610-1519-4AB8-B71B-6D81A04D7369}.Debug|Pocket PC 2003 (ARMV4).ActiveCfg = Debug|Win32
		{6D50B610-1519-4AB8-B71B-6D81A04D7369}.Debug|Smartphone 2003 (ARMV4).ActiveCfg = Debug|Win32
		{6D50B610-1519-4AB8-B71B-6D81A04D7369}.Debug|Win32.ActiveCfg = Debug|Win32
		{6D50B610-1519-4AB8-B71B-6D81A04D7369}.Debug|Win32.Build.0 = Debug|Win32
		{6D50B610-1519-4AB8-B71B-6D81A04D7369}.Release|Any CPU.ActiveCfg = Release|Win32
		{6D50B610-1519-4AB8-B71B-6D81A04D7369}.Release|GrayboxCE (ARMV4I).ActiveCfg = Release|Win32
		{6D50B610-1519-4AB8-B71B-6D81A04D7369}.Release|GrayboxCE (x86).ActiveCfg = Release|Win32
		{6D50B610-1519-4AB8-B71B-6D81A04D7369}.Release|Mixed Platforms.ActiveCfg = Release|Win32
		{6D50B610-1519-4AB8-B71B-6D81A04D7369}.Release|Mixed Platforms.Build.0 = Release|Win32
		{6D50B610-1519-4AB8-B71B-6D81A04D7369}.Release|Pocket PC 2003 (ARMV4).ActiveCfg = Release|Win32
		{6D50B610-1519-4AB8-B71B-6D81A04D7369}.Release|Smartphone 2003 (ARMV4).ActiveCfg = Release|Win32
		{6D50B610-1519-4AB8-B71B-6D81A04D7369}.Release|Win32.ActiveCfg = Release|Win32
		{6D50B610-1519-4AB8-B71B-6D81A04D7369}.Release|Win32.Build.0 = Release|Win32
		{B9BCCF2C-9685-4716-AB60-3E81B33F52BE}.Debug|Any CPU.ActiveCfg = Debug|Win32
		{B9BCCF2C-9685-4716-AB60-3E81B33F52BE}.Debug|GrayboxCE (ARMV4I).ActiveCfg = Debug|Win32
		{B9BCCF2C-9685-4716-AB60-3E81B33F52BE}.Debug|GrayboxCE (x86).ActiveCfg = Debug|Win32
		{B9BCCF2C-9685-4716-AB60-3E81B33F52BE}.Debug|Mixed Platforms.ActiveCfg = Debug|Win32
		{B9BCCF2C-9685-4716-AB60-3E81B33F52BE}.Debug|Mixed Platforms.Build.0 = Debug|Win32
		{B9BCCF2C-9685-4716-AB60-3E81B33F52BE}.Debug|Pocket PC 2003 (ARMV4).ActiveCfg = Debug|Win32
		{B9BCCF2C-9685-4716-AB60-3E81B33F52BE}.Debug|Smartphone 2003 (ARMV4).ActiveCfg = Debug|Win32
		{B9BCCF2C-9685-4716-AB60-3E81B33F52BE}.Debug|Win32.ActiveCfg = Debug|Win32
		{B9BCCF2C-9685-4716-AB60-3E81B33F52BE}.Debug|Win32.Build.0 = Debug|Win32
		{B9BCCF2C-9685-4716-AB60-3E81B33F52BE}.Release|Any CPU.ActiveCfg = Release|Win32
		{B9BCCF2C-9685-4716-AB60-3E81B33F52BE}.Release|GrayboxCE (ARMV4I).ActiveCfg = Release|Win32
		{B9BCCF2C-9685-4716-AB60-3E81B33F52BE}.Release|GrayboxCE (x86).ActiveCfg = Release|Win32
		{B9BCCF2C-9685-4716-AB60-3E81B33F52BE}.Release|Mixed Platforms.ActiveCfg = Release|Win32
		{B9BCCF2C-9685-4716-AB60-3E81B33F52BE}.Release|Mixed Platforms.Build.0 = Release|Win32
		{B9BCCF2C-9685-4716-AB60-3E81B33F52BE}.Release|Pocket PC 2003 (ARMV4).ActiveCfg = Release|Win32
		{B9BCCF2C-9685-4716-AB60-3E81B33F52BE}.Release|Smartphone 2003 (ARMV4).ActiveCfg = Release|Win32
		{B9BCCF2C-9685-4716-AB60-3E81B33F52BE}.Release|Win32.ActiveCfg = Release|Win32
		{B9BCCF2C-9685-4716-AB60-3E81B33F52BE}.Release|Win32.Build.0 = Release|Win32
		{9CE4383A-7EFA-43D5-868D-AF6F6866060F}.Debug|Any CPU.ActiveCfg = Debug|Any CPU
		{9CE4383A-7EFA-43D5-868D-AF6F6866060F}.Debug|Any CPU.Build.0 = Debug|Any CPU
		{9CE4383A-7EFA-43D5-868D-AF6F6866060F}.Debug|GrayboxCE (ARMV4I).ActiveCfg = Debug|Any CPU
		{9CE4383A-7EFA-43D5-868D-AF6F6866060F}.Debug|GrayboxCE (x86).ActiveCfg = Debug|Any CPU
		{9CE4383A-7EFA-43D5-868D-AF6F6866060F}.Debug|Mixed Platforms.ActiveCfg = Debug|Any CPU
		{9CE4383A-7EFA-43D5-868D-AF6F6866060F}.Debug|Mixed Platforms.Build.0 = Debug|Any CPU
		{9CE4383A-7EFA-43D5-868D-AF6F6866060F}.Debug|Pocket PC 2003 (ARMV4).ActiveCfg = Debug|Any CPU
		{9CE4383A-7EFA-43D5-868D-AF6F6866060F}.Debug|Smartphone 2003 (ARMV4).ActiveCfg = Debug|Any CPU
		{9CE4383A-7EFA-43D5-868D-AF6F6866060F}.Debug|Win32.ActiveCfg = Debug|Any CPU
		{9CE4383A-7EFA-43D5-868D-AF6F6866060F}.Release|Any CPU.ActiveCfg = Release|Any CPU
		{9CE4383A-7EFA-43D5-868D-AF6F6866060F}.Release|Any CPU.Build.0 = Release|Any CPU
		{9CE4383A-7EFA-43D5-868D-AF6F6866060F}.Release|GrayboxCE (ARMV4I).ActiveCfg = Release|Any CPU
		{9CE4383A-7EFA-43D5-868D-AF6F6866060F}.Release|GrayboxCE (x86).ActiveCfg = Release|Any CPU
		{9CE4383A-7EFA-43D5-868D-AF6F6866060F}.Release|Mixed Platforms.ActiveCfg = Release|Any CPU
		{9CE4383A-7EFA-43D5-868D-AF6F6866060F}.Release|Mixed Platforms.Build.0 = Release|Any CPU
		{9CE4383A-7EFA-43D5-868D-AF6F6866060F}.Release|Pocket PC 2003 (ARMV4).ActiveCfg = Release|Any CPU
		{9CE4383A-7EFA-43D5-868D-AF6F6866060F}.Release|Smartphone 2003 (ARMV4).ActiveCfg = Release|Any CPU
		{9CE4383A-7EFA-43D5-868D-AF6F6866060F}.Release|Win32.ActiveCfg = Release|Any CPU
		{5FECB775-9112-4D7C-BF6F-E44D06B9F9C7}.Debug|Any CPU.ActiveCfg = Debug|Smartphone 2003 (ARMV4)
		{5FECB775-9112-4D7C-BF6F-E44D06B9F9C7}.Debug|GrayboxCE (ARMV4I).ActiveCfg = Debug|GrayboxCE (ARMV4I)
		{5FECB775-9112-4D7C-BF6F-E44D06B9F9C7}.Debug|GrayboxCE (ARMV4I).Build.0 = Debug|GrayboxCE (ARMV4I)
		{5FECB775-9112-4D7C-BF6F-E44D06B9F9C7}.Debug|GrayboxCE (ARMV4I).Deploy.0 = Debug|GrayboxCE (ARMV4I)
		{5FECB775-9112-4D7C-BF6F-E44D06B9F9C7}.Debug|GrayboxCE (x86).ActiveCfg = Debug|GrayboxCE (x86)
		{5FECB775-9112-4D7C-BF6F-E44D06B9F9C7}.Debug|GrayboxCE (x86).Build.0 = Debug|GrayboxCE (x86)
		{5FECB775-9112-4D7C-BF6F-E44D06B9F9C7}.Debug|GrayboxCE (x86).Deploy.0 = Debug|GrayboxCE (x86)
		{5FECB775-9112-4D7C-BF6F-E44D06B9F9C7}.Debug|Mixed Platforms.ActiveCfg = Debug|Smartphone 2003 (ARMV4)
		{5FECB775-9112-4D7C-BF6F-E44D06B9F9C7}.Debug|Mixed Platforms.Build.0 = Debug|Smartphone 2003 (ARMV4)
		{5FECB775-9112-4D7C-BF6F-E44D06B9F9C7}.Debug|Mixed Platforms.Deploy.0 = Debug|Smartphone 2003 (ARMV4)
		{5FECB775-9112-4D7C-BF6F-E44D06B9F9C7}.Debug|Pocket PC 2003 (ARMV4).ActiveCfg = Debug|Pocket PC 2003 (ARMV4)
		{5FECB775-9112-4D7C-BF6F-E44D06B9F9C7}.Debug|Pocket PC 2003 (ARMV4).Build.0 = Debug|Pocket PC 2003 (ARMV4)
		{5FECB775-9112-4D7C-BF6F-E44D06B9F9C7}.Debug|Pocket PC 2003 (ARMV4).Deploy.0 = Debug|Pocket PC 2003 (ARMV4)
		{5FECB775-9112-4D7C-BF6F-E44D06B9F9C7}.Debug|Smartphone 2003 (ARMV4).ActiveCfg = Debug|Smartphone 2003 (ARMV4)
		{5FECB775-9112-4D7C-BF6F-E44D06B9F9C7}.Debug|Smartphone 2003 (ARMV4).Build.0 = Debug|Smartphone 2003 (ARMV4)
		{5FECB775-9112-4D7C-BF6F-E44D06B9F9C7}.Debug|Smartphone 2003 (ARMV4).Deploy.0 = Debug|Smartphone 2003 (ARMV4)
		{5FECB775-9112-4D7C-BF6F-E44D06B9F9C7}.Debug|Win32.ActiveCfg = Debug|Smartphone 2003 (ARMV4)
		{5FECB775-9112-4D7C-BF6F-E44D06B9F9C7}.Release|Any CPU.ActiveCfg = Release|Smartphone 2003 (ARMV4)
		{5FECB775-9112-4D7C-BF6F-E44D06B9F9C7}.Release|GrayboxCE (ARMV4I).ActiveCfg = Release|GrayboxCE (ARMV4I)
		{5FECB775-9112-4D7C-BF6F-E44D06B9F9C7}.Release|GrayboxCE (ARMV4I).Build.0 = Release|GrayboxCE (ARMV4I)
		{5FECB775-9112-4D7C-BF6F-E44D06B9F9C7}.Release|GrayboxCE (ARMV4I).Deploy.0 = Release|GrayboxCE (ARMV4I)
		{5FECB775-9112-4D7C-BF6F-E44D06B9F9C7}.Release|GrayboxCE (x86).ActiveCfg = Release|GrayboxCE (x86)
		{5FECB775-9112-4D7C-BF6F-E44D06B9F9C7}.Release|GrayboxCE (x86).Build.0 = Release|GrayboxCE (x86)
		{5FECB775-9112-4D7C-BF6F-E44D06B9F9C7}.Release|GrayboxCE (x86).Deploy.0 = Release|GrayboxCE (x86)
		{5FECB775-9112-4D7C-BF6F-E44D06B9F9C7}.Release|Mixed Platforms.ActiveCfg = Release|Smartphone 2003 (ARMV4)
		{5FECB775-9112-4D7C-BF6F-E44D06B9F9C7}.Release|Mixed Platforms.Build.0 = Release|Smartphone 2003 (ARMV4)
		{5FECB775-9112-4D7C-BF6F-E44D06B9F9C7}.Release|Mixed Platforms.Deploy.0 = Release|Smartphone 2003 (ARMV4)
		{5FECB775-9112-4D7C-BF6F-E44D06B9F9C7}.Release|Pocket PC 2003 (ARMV4).ActiveCfg = Release|Pocket PC 2003 (ARMV4)
		{5FECB775-9112-4D7C-BF6F-E44D06B9F9C7}.Release|Pocket PC 2003 (ARMV4).Build.0 = Release|Pocket PC 2003 (ARMV4)
		{5FECB775-9112-4D7C-BF6F-E44D06B9F9C7}.Release|Pocket PC 2003 (ARMV4).Deploy.0 = Release|Pocket PC 2003 (ARMV4)
		{5FECB775-9112-4D7C-BF6F-E44D06B9F9C7}.Release|Smartphone 2003 (ARMV4).ActiveCfg = Release|Smartphone 2003 (ARMV4)
		{5FECB775-9112-4D7C-BF6F-E44D06B9F9C7}.Release|Smartphone 2003 (ARMV4).Build.0 = Release|Smartphone 2003 (ARMV4)
		{5FECB775-9112-4D7C-BF6F-E44D06B9F9C7}.Release|Smartphone 2003 (ARMV4).Deploy.0 = Release|Smartphone 2003 (ARMV4)
		{5FECB775-9112-4D7C-BF6F-E44D06B9F9C7}.Release|Win32.ActiveCfg = Release|Smartphone 2003 (ARMV4)
		{0E2C5B55-9C38-45E8-B59B-D926045D8E17}.Debug|Any CPU.ActiveCfg = Debug|Any CPU
		{0E2C5B55-9C38-45E8-B59B-D926045D8E17}.Debug|Any CPU.Build.0 = Debug|Any CPU
		{0E2C5B55-9C38-45E8-B59B-D926045D8E17}.Debug|GrayboxCE (ARMV4I).ActiveCfg = Debug|Any CPU
		{0E2C5B55-9C38-45E8-B59B-D926045D8E17}.Debug|GrayboxCE (x86).ActiveCfg = Debug|Any CPU
		{0E2C5B55-9C38-45E8-B59B-D926045D8E17}.Debug|Mixed Platforms.ActiveCfg = Debug|Any CPU
		{0E2C5B55-9C38-45E8-B59B-D926045D8E17}.Debug|Mixed Platforms.Build.0 = Debug|Any CPU
		{0E2C5B55-9C38-45E8-B59B-D926045D8E17}.Debug|Pocket PC 2003 (ARMV4).ActiveCfg = Debug|Any CPU
		{0E2C5B55-9C38-45E8-B59B-D926045D8E17}.Debug|Smartphone 2003 (ARMV4).ActiveCfg = Debug|Any CPU
		{0E2C5B55-9C38-45E8-B59B-D926045D8E17}.Debug|Win32.ActiveCfg = Debug|Any CPU
		{0E2C5B55-9C38-45E8-B59B-D926045D8E17}.Release|Any CPU.ActiveCfg = Release|Any CPU
		{0E2C5B55-9C38-45E8-B59B-D926045D8E17}.Release|Any CPU.Build.0 = Release|Any CPU
		{0E2C5B55-9C38-45E8-B59B-D926045D8E17}.Release|GrayboxCE (ARMV4I).ActiveCfg = Release|Any CPU
		{0E2C5B55-9C38-45E8-B59B-D926045D8E17}.Release|GrayboxCE (x86).ActiveCfg = Release|Any CPU
		{0E2C5B55-9C38-45E8-B59B-D926045D8E17}.Release|Mixed Platforms.ActiveCfg = Release|Any CPU
		{0E2C5B55-9C38-45E8-B59B-D926045D8E17}.Release|Mixed Platforms.Build.0 = Release|Any CPU
		{0E2C5B55-9C38-45E8-B59B-D926045D8E17}.Release|Pocket PC 2003 (ARMV4).ActiveCfg = Release|Any CPU
		{0E2C5B55-9C38-45E8-B59B-D926045D8E17}.Release|Smartphone 2003 (ARMV4).ActiveCfg = Release|Any CPU
		{0E2C5B55-9C38-45E8-B59B-D926045D8E17}.Release|Win32.ActiveCfg = Release|Any CPU
		{88EF20A4-3006-4CD3-AAD0-0067EF30F3FD}.Debug|Any CPU.ActiveCfg = Debug|GrayboxCE (x86)
		{88EF20A4-3006-4CD3-AAD0-0067EF30F3FD}.Debug|GrayboxCE (ARMV4I).ActiveCfg = Debug|GrayboxCE (ARMV4I)
		{88EF20A4-3006-4CD3-AAD0-0067EF30F3FD}.Debug|GrayboxCE (ARMV4I).Build.0 = Debug|GrayboxCE (ARMV4I)
		{88EF20A4-3006-4CD3-AAD0-0067EF30F3FD}.Debug|GrayboxCE (ARMV4I).Deploy.0 = Debug|GrayboxCE (ARMV4I)
		{88EF20A4-3006-4CD3-AAD0-0067EF30F3FD}.Debug|GrayboxCE (x86).ActiveCfg = Debug|GrayboxCE (x86)
		{88EF20A4-3006-4CD3-AAD0-0067EF30F3FD}.Debug|GrayboxCE (x86).Build.0 = Debug|GrayboxCE (x86)
		{88EF20A4-3006-4CD3-AAD0-0067EF30F3FD}.Debug|GrayboxCE (x86).Deploy.0 = Debug|GrayboxCE (x86)
		{88EF20A4-3006-4CD3-AAD0-0067EF30F3FD}.Debug|Mixed Platforms.ActiveCfg = Debug|GrayboxCE (x86)
		{88EF20A4-3006-4CD3-AAD0-0067EF30F3FD}.Debug|Mixed Platforms.Build.0 = Debug|GrayboxCE (x86)
		{88EF20A4-3006-4CD3-AAD0-0067EF30F3FD}.Debug|Mixed Platforms.Deploy.0 = Debug|GrayboxCE (x86)
		{88EF20A4-3006-4CD3-AAD0-0067EF30F3FD}.Debug|Pocket PC 2003 (ARMV4).ActiveCfg = Debug|Pocket PC 2003 (ARMV4)
		{88EF20A4-3006-4CD3-AAD0-0067EF30F3FD}.Debug|Pocket PC 2003 (ARMV4).Build.0 = Debug|Pocket PC 2003 (ARMV4)
		{88EF20A4-3006-4CD3-AAD0-0067EF30F3FD}.Debug|Pocket PC 2003 (ARMV4).Deploy.0 = Debug|Pocket PC 2003 (ARMV4)
		{88EF20A4-3006-4CD3-AAD0-0067EF30F3FD}.Debug|Smartphone 2003 (ARMV4).ActiveCfg = Debug|Smartphone 2003 (ARMV4)
		{88EF20A4-3006-4CD3-AAD0-0067EF30F3FD}.Debug|Smartphone 2003 (ARMV4).Build.0 = Debug|Smartphone 2003 (ARMV4)
		{88EF20A4-3006-4CD3-AAD0-0067EF30F3FD}.Debug|Smartphone 2003 (ARMV4).Deploy.0 = Debug|Smartphone 2003 (ARMV4)
		{88EF20A4-3006-4CD3-AAD0-0067EF30F3FD}.Debug|Win32.ActiveCfg = Debug|GrayboxCE (x86)
		{88EF20A4-3006-4CD3-AAD0-0067EF30F3FD}.Release|Any CPU.ActiveCfg = Release|GrayboxCE (x86)
		{88EF20A4-3006-4CD3-AAD0-0067EF30F3FD}.Release|GrayboxCE (ARMV4I).ActiveCfg = Release|GrayboxCE (ARMV4I)
		{88EF20A4-3006-4CD3-AAD0-0067EF30F3FD}.Release|GrayboxCE (ARMV4I).Build.0 = Release|GrayboxCE (ARMV4I)
		{88EF20A4-3006-4CD3-AAD0-0067EF30F3FD}.Release|GrayboxCE (ARMV4I).Deploy.0 = Release|GrayboxCE (ARMV4I)
		{88EF20A4-3006-4CD3-AAD0-0067EF30F3FD}.Release|GrayboxCE (x86).ActiveCfg = Release|GrayboxCE (x86)
		{88EF20A4-3006-4CD3-AAD0-0067EF30F3FD}.Release|GrayboxCE (x86).Build.0 = Release|GrayboxCE (x86)
		{88EF20A4-3006-4CD3-AAD0-0067EF30F3FD}.Release|GrayboxCE (x86).Deploy.0 = Release|GrayboxCE (x86)
		{88EF20A4-3006-4CD3-AAD0-0067EF30F3FD}.Release|Mixed Platforms.ActiveCfg = Release|GrayboxCE (x86)
		{88EF20A4-3006-4CD3-AAD0-0067EF30F3FD}.Release|Mixed Platforms.Build.0 = Release|GrayboxCE (x86)
		{88EF20A4-3006-4CD3-AAD0-0067EF30F3FD}.Release|Mixed Platforms.Deploy.0 = Release|GrayboxCE (x86)
		{88EF20A4-3006-4CD3-AAD0-0067EF30F3FD}.Release|Pocket PC 2003 (ARMV4).ActiveCfg = Release|Pocket PC 2003 (ARMV4)
		{88EF20A4-3006-4CD3-AAD0-0067EF30F3FD}.Release|Pocket PC 2003 (ARMV4).Build.0 = Release|Pocket PC 2003 (ARMV4)
		{88EF20A4-3006-4CD3-AAD0-0067EF30F3FD}.Release|Pocket PC 2003 (ARMV4).Deploy.0 = Release|Pocket PC 2003 (ARMV4)
		{88EF20A4-3006-4CD3-AAD0-0067EF30F3FD}.Release|Smartphone 2003 (ARMV4).ActiveCfg = Release|Smartphone 2003 (ARMV4)
		{88EF20A4-3006-4CD3-AAD0-0067EF30F3FD}.Release|Smartphone 2003 (ARMV4).Build.0 = Release|Smartphone 2003 (ARMV4)
		{88EF20A4-3006-4CD3-AAD0-0067EF30F3FD}.Release|Smartphone 2003 (ARMV4).Deploy.0 = Release|Smartphone 2003 (ARMV4)
		{88EF20A4-3006-4CD3-AAD0-0067EF30F3FD}.Release|Win32.ActiveCfg = Release|GrayboxCE (x86)
		{1CD9B8BB-4BFC-4EA2-8AAF-91AEF1C21D91}.Debug|Any CPU.ActiveCfg = Debug|GrayboxCE (x86)
		{1CD9B8BB-4BFC-4EA2-8AAF-91AEF1C21D91}.Debug|GrayboxCE (ARMV4I).ActiveCfg = Debug|GrayboxCE (ARMV4I)
		{1CD9B8BB-4BFC-4EA2-8AAF-91AEF1C21D91}.Debug|GrayboxCE (ARMV4I).Build.0 = Debug|GrayboxCE (ARMV4I)
		{1CD9B8BB-4BFC-4EA2-8AAF-91AEF1C21D91}.Debug|GrayboxCE (ARMV4I).Deploy.0 = Debug|GrayboxCE (ARMV4I)
		{1CD9B8BB-4BFC-4EA2-8AAF-91AEF1C21D91}.Debug|GrayboxCE (x86).ActiveCfg = Debug|GrayboxCE (x86)
		{1CD9B8BB-4BFC-4EA2-8AAF-91AEF1C21D91}.Debug|GrayboxCE (x86).Build.0 = Debug|GrayboxCE (x86)
		{1CD9B8BB-4BFC-4EA2-8AAF-91AEF1C21D91}.Debug|GrayboxCE (x86).Deploy.0 = Debug|GrayboxCE (x86)
		{1CD9B8BB-4BFC-4EA2-8AAF-91AEF1C21D91}.Debug|Mixed Platforms.ActiveCfg = Debug|GrayboxCE (x86)
		{1CD9B8BB-4BFC-4EA2-8AAF-91AEF1C21D91}.Debug|Mixed Platforms.Build.0 = Debug|GrayboxCE (x86)
		{1CD9B8BB-4BFC-4EA2-8AAF-91AEF1C21D91}.Debug|Mixed Platforms.Deploy.0 = Debug|GrayboxCE (x86)
		{1CD9B8BB-4BFC-4EA2-8AAF-91AEF1C21D91}.Debug|Pocket PC 2003 (ARMV4).ActiveCfg = Debug|Pocket PC 2003 (ARMV4)
		{1CD9B8BB-4BFC-4EA2-8AAF-91AEF1C21D91}.Debug|Pocket PC 2003 (ARMV4).Build.0 = Debug|Pocket PC 2003 (ARMV4)
		{1CD9B8BB-4BFC-4EA2-8AAF-91AEF1C21D91}.Debug|Pocket PC 2003 (ARMV4).Deploy.0 = Debug|Pocket PC 2003 (ARMV4)
		{1CD9B8BB-4BFC-4EA2-8AAF-91AEF1C21D91}.Debug|Smartphone 2003 (ARMV4).ActiveCfg = Debug|GrayboxCE (x86)
		{1CD9B8BB-4BFC-4EA2-8AAF-91AEF1C21D91}.Debug|Win32.ActiveCfg = Debug|GrayboxCE (x86)
		{1CD9B8BB-4BFC-4EA2-8AAF-91AEF1C21D91}.Release|Any CPU.ActiveCfg = Release|GrayboxCE (x86)
		{1CD9B8BB-4BFC-4EA2-8AAF-91AEF1C21D91}.Release|GrayboxCE (ARMV4I).ActiveCfg = Release|GrayboxCE (ARMV4I)
		{1CD9B8BB-4BFC-4EA2-8AAF-91AEF1C21D91}.Release|GrayboxCE (ARMV4I).Build.0 = Release|GrayboxCE (ARMV4I)
		{1CD9B8BB-4BFC-4EA2-8AAF-91AEF1C21D91}.Release|GrayboxCE (ARMV4I).Deploy.0 = Release|GrayboxCE (ARMV4I)
		{1CD9B8BB-4BFC-4EA2-8AAF-91AEF1C21D91}.Release|GrayboxCE (x86).ActiveCfg = Release|GrayboxCE (x86)
		{1CD9B8BB-4BFC-4EA2-8AAF-91AEF1C21D91}.Release|GrayboxCE (x86).Build.0 = Release|GrayboxCE (x86)
		{1CD9B8BB-4BFC-4EA2-8AAF-91AEF1C21D91}.Release|GrayboxCE (x86).Deploy.0 = Release|GrayboxCE (x86)
		{1CD9B8BB-4BFC-4EA2-8AAF-91AEF1C21D91}.Release|Mixed Platforms.ActiveCfg = Release|GrayboxCE (x86)
		{1CD9B8BB-4BFC-4EA2-8AAF-91AEF1C21D91}.Release|Mixed Platforms.Build.0 = Release|GrayboxCE (x86)
		{1CD9B8BB-4BFC-4EA2-8AAF-91AEF1C21D91}.Release|Mixed Platforms.Deploy.0 = Release|GrayboxCE (x86)
		{1CD9B8BB-4BFC-4EA2-8AAF-91AEF1C21D91}.Release|Pocket PC 2003 (ARMV4).ActiveCfg = Release|Pocket PC 2003 (ARMV4)
		{1CD9B8BB-4BFC-4EA2-8AAF-91AEF1C21D91}.Release|Pocket PC 2003 (ARMV4).Build.0 = Release|Pocket PC 2003 (ARMV4)
		{1CD9B8BB-4BFC-4EA2-8AAF-91AEF1C21D91}.Release|Pocket PC 2003 (ARMV4).Deploy.0 = Release|Pocket PC 2003 (ARMV4)
		{1CD9B8BB-4BFC-4EA2-8AAF-91AEF1C21D91}.Release|Smartphone 2003 (ARMV4).ActiveCfg = Release|GrayboxCE (x86)
		{1CD9B8BB-4BFC-4EA2-8AAF-91AEF1C21D91}.Release|Win32.ActiveCfg = Release|GrayboxCE (x86)
		{5B10CE17-0127-49C3-BDBF-85205A782149}.Debug|Any CPU.ActiveCfg = Debug|Pocket PC 2003 (ARMV4)
		{5B10CE17-0127-49C3-BDBF-85205A782149}.Debug|GrayboxCE (ARMV4I).ActiveCfg = Debug|GrayboxCE (ARMV4I)
		{5B10CE17-0127-49C3-BDBF-85205A782149}.Debug|GrayboxCE (ARMV4I).Build.0 = Debug|GrayboxCE (ARMV4I)
		{5B10CE17-0127-49C3-BDBF-85205A782149}.Debug|GrayboxCE (ARMV4I).Deploy.0 = Debug|GrayboxCE (ARMV4I)
		{5B10CE17-0127-49C3-BDBF-85205A782149}.Debug|GrayboxCE (x86).ActiveCfg = Debug|GrayboxCE (x86)
		{5B10CE17-0127-49C3-BDBF-85205A782149}.Debug|GrayboxCE (x86).Build.0 = Debug|GrayboxCE (x86)
		{5B10CE17-0127-49C3-BDBF-85205A782149}.Debug|GrayboxCE (x86).Deploy.0 = Debug|GrayboxCE (x86)
		{5B10CE17-0127-49C3-BDBF-85205A782149}.Debug|Mixed Platforms.ActiveCfg = Debug|Pocket PC 2003 (ARMV4)
		{5B10CE17-0127-49C3-BDBF-85205A782149}.Debug|Mixed Platforms.Build.0 = Debug|Pocket PC 2003 (ARMV4)
		{5B10CE17-0127-49C3-BDBF-85205A782149}.Debug|Mixed Platforms.Deploy.0 = Debug|Pocket PC 2003 (ARMV4)
		{5B10CE17-0127-49C3-BDBF-85205A782149}.Debug|Pocket PC 2003 (ARMV4).ActiveCfg = Debug|Pocket PC 2003 (ARMV4)
		{5B10CE17-0127-49C3-BDBF-85205A782149}.Debug|Pocket PC 2003 (ARMV4).Build.0 = Debug|Pocket PC 2003 (ARMV4)
		{5B10CE17-0127-49C3-BDBF-85205A782149}.Debug|Pocket PC 2003 (ARMV4).Deploy.0 = Debug|Pocket PC 2003 (ARMV4)
		{5B10CE17-0127-49C3-BDBF-85205A782149}.Debug|Smartphone 2003 (ARMV4).ActiveCfg = Debug|Pocket PC 2003 (ARMV4)
		{5B10CE17-0127-49C3-BDBF-85205A782149}.Debug|Win32.ActiveCfg = Debug|Pocket PC 2003 (ARMV4)
		{5B10CE17-0127-49C3-BDBF-85205A782149}.Release|Any CPU.ActiveCfg = Release|Pocket PC 2003 (ARMV4)
		{5B10CE17-0127-49C3-BDBF-85205A782149}.Release|GrayboxCE (ARMV4I).ActiveCfg = Release|GrayboxCE (ARMV4I)
		{5B10CE17-0127-49C3-BDBF-85205A782149}.Release|GrayboxCE (ARMV4I).Build.0 = Release|GrayboxCE (ARMV4I)
		{5B10CE17-0127-49C3-BDBF-85205A782149}.Release|GrayboxCE (ARMV4I).Deploy.0 = Release|GrayboxCE (ARMV4I)
		{5B10CE17-0127-49C3-BDBF-85205A782149}.Release|GrayboxCE (x86).ActiveCfg = Release|GrayboxCE (x86)
		{5B10CE17-0127-49C3-BDBF-85205A782149}.Release|GrayboxCE (x86).Build.0 = Release|GrayboxCE (x86)
		{5B10CE17-0127-49C3-BDBF-85205A782149}.Release|GrayboxCE (x86).Deploy.0 = Release|GrayboxCE (x86)
		{5B10CE17-0127-49C3-BDBF-85205A782149}.Release|Mixed Platforms.ActiveCfg = Release|Pocket PC 2003 (ARMV4)
		{5B10CE17-0127-49C3-BDBF-85205A782149}.Release|Mixed Platforms.Build.0 = Release|Pocket PC 2003 (ARMV4)
		{5B10CE17-0127-49C3-BDBF-85205A782149}.Release|Mixed Platforms.Deploy.0 = Release|Pocket PC 2003 (ARMV4)
		{5B10CE17-0127-49C3-BDBF-85205A782149}.Release|Pocket PC 2003 (ARMV4).ActiveCfg = Release|Pocket PC 2003 (ARMV4)
		{5B10CE17-0127-49C3-BDBF-85205A782149}.Release|Pocket PC 2003 (ARMV4).Build.0 = Release|Pocket PC 2003 (ARMV4)
		{5B10CE17-0127-49C3-BDBF-85205A782149}.Release|Pocket PC 2003 (ARMV4).Deploy.0 = Release|Pocket PC 2003 (ARMV4)
		{5B10CE17-0127-49C3-BDBF-85205A782149}.Release|Smartphone 2003 (ARMV4).ActiveCfg = Release|Pocket PC 2003 (ARMV4)
		{5B10CE17-0127-49C3-BDBF-85205A782149}.Release|Win32.ActiveCfg = Release|Pocket PC 2003 (ARMV4)
		{53647423-1B5A-4A0A-A5BE-0FD045EF4E81}.Debug|Any CPU.ActiveCfg = Debug|GrayboxCE (x86)
		{53647423-1B5A-4A0A-A5BE-0FD045EF4E81}.Debug|GrayboxCE (ARMV4I).ActiveCfg = Debug|GrayboxCE (ARMV4I)
		{53647423-1B5A-4A0A-A5BE-0FD045EF4E81}.Debug|GrayboxCE (ARMV4I).Build.0 = Debug|GrayboxCE (ARMV4I)
		{53647423-1B5A-4A0A-A5BE-0FD045EF4E81}.Debug|GrayboxCE (ARMV4I).Deploy.0 = Debug|GrayboxCE (ARMV4I)
		{53647423-1B5A-4A0A-A5BE-0FD045EF4E81}.Debug|GrayboxCE (x86).ActiveCfg = Debug|GrayboxCE (x86)
		{53647423-1B5A-4A0A-A5BE-0FD045EF4E81}.Debug|GrayboxCE (x86).Build.0 = Debug|GrayboxCE (x86)
		{53647423-1B5A-4A0A-A5BE-0FD045EF4E81}.Debug|GrayboxCE (x86).Deploy.0 = Debug|GrayboxCE (x86)
		{53647423-1B5A-4A0A-A5BE-0FD045EF4E81}.Debug|Mixed Platforms.ActiveCfg = Debug|GrayboxCE (x86)
		{53647423-1B5A-4A0A-A5BE-0FD045EF4E81}.Debug|Mixed Platforms.Build.0 = Debug|GrayboxCE (x86)
		{53647423-1B5A-4A0A-A5BE-0FD045EF4E81}.Debug|Mixed Platforms.Deploy.0 = Debug|GrayboxCE (x86)
		{53647423-1B5A-4A0A-A5BE-0FD045EF4E81}.Debug|Pocket PC 2003 (ARMV4).ActiveCfg = Debug|Pocket PC 2003 (ARMV4)
		{53647423-1B5A-4A0A-A5BE-0FD045EF4E81}.Debug|Pocket PC 2003 (ARMV4).Build.0 = Debug|Pocket PC 2003 (ARMV4)
		{53647423-1B5A-4A0A-A5BE-0FD045EF4E81}.Debug|Pocket PC 2003 (ARMV4).Deploy.0 = Debug|Pocket PC 2003 (ARMV4)
		{53647423-1B5A-4A0A-A5BE-0FD045EF4E81}.Debug|Smartphone 2003 (ARMV4).ActiveCfg = Debug|Smartphone 2003 (ARMV4)
		{53647423-1B5A-4A0A-A5BE-0FD045EF4E81}.Debug|Smartphone 2003 (ARMV4).Build.0 = Debug|Smartphone 2003 (ARMV4)
		{53647423-1B5A-4A0A-A5BE-0FD045EF4E81}.Debug|Smartphone 2003 (ARMV4).Deploy.0 = Debug|Smartphone 2003 (ARMV4)
		{53647423-1B5A-4A0A-A5BE-0FD045EF4E81}.Debug|Win32.ActiveCfg = Debug|GrayboxCE (x86)
		{53647423-1B5A-4A0A-A5BE-0FD045EF4E81}.Release|Any CPU.ActiveCfg = Release|GrayboxCE (x86)
		{53647423-1B5A-4A0A-A5BE-0FD045EF4E81}.Release|GrayboxCE (ARMV4I).ActiveCfg = Release|GrayboxCE (ARMV4I)
		{53647423-1B5A-4A0A-A5BE-0FD045EF4E81}.Release|GrayboxCE (ARMV4I).Build.0 = Release|GrayboxCE (ARMV4I)
		{53647423-1B5A-4A0A-A5BE-0FD045EF4E81}.Release|GrayboxCE (ARMV4I).Deploy.0 = Release|GrayboxCE (ARMV4I)
		{53647423-1B5A-4A0A-A5BE-0FD045EF4E81}.Release|GrayboxCE (x86).ActiveCfg = Release|GrayboxCE (x86)
		{53647423-1B5A-4A0A-A5BE-0FD045EF4E81}.Release|GrayboxCE (x86).Build.0 = Release|GrayboxCE (x86)
		{53647423-1B5A-4A0A-A5BE-0FD045EF4E81}.Release|GrayboxCE (x86).Deploy.0 = Release|GrayboxCE (x86)
		{53647423-1B5A-4A0A-A5BE-0FD045EF4E81}.Release|Mixed Platforms.ActiveCfg = Release|GrayboxCE (x86)
		{53647423-1B5A-4A0A-A5BE-0FD045EF4E81}.Release|Mixed Platforms.Build.0 = Release|GrayboxCE (x86)
		{53647423-1B5A-4A0A-A5BE-0FD045EF4E81}.Release|Mixed Platforms.Deploy.0 = Release|GrayboxCE (x86)
		{53647423-1B5A-4A0A-A5BE-0FD045EF4E81}.Release|Pocket PC 2003 (ARMV4).ActiveCfg = Release|Pocket PC 2003 (ARMV4)
		{53647423-1B5A-4A0A-A5BE-0FD045EF4E81}.Release|Pocket PC 2003 (ARMV4).Build.0 = Release|Pocket PC 2003 (ARMV4)
		{53647423-1B5A-4A0A-A5BE-0FD045EF4E81}.Release|Pocket PC 2003 (ARMV4).Deploy.0 = Release|Pocket PC 2003 (ARMV4)
		{53647423-1B5A-4A0A-A5BE-0FD045EF4E81}.Release|Smartphone 2003 (ARMV4).ActiveCfg = Release|Smartphone 2003 (ARMV4)
		{53647423-1B5A-4A0A-A5BE-0FD045EF4E81}.Release|Smartphone 2003 (ARMV4).Build.0 = Release|Smartphone 2003 (ARMV4)
		{53647423-1B5A-4A0A-A5BE-0FD045EF4E81}.Release|Smartphone 2003 (ARMV4).Deploy.0 = Release|Smartphone 2003 (ARMV4)
		{53647423-1B5A-4A0A-A5BE-0FD045EF4E81}.Release|Win32.ActiveCfg = Release|GrayboxCE (x86)
		{A541865C-0382-4598-83D5-E1CFB4FCF92F}.Debug|Any CPU.ActiveCfg = Debug|Pocket PC 2003 (ARMV4)
		{A541865C-0382-4598-83D5-E1CFB4FCF92F}.Debug|GrayboxCE (ARMV4I).ActiveCfg = Debug|GrayboxCE (ARMV4I)
		{A541865C-0382-4598-83D5-E1CFB4FCF92F}.Debug|GrayboxCE (ARMV4I).Build.0 = Debug|GrayboxCE (ARMV4I)
		{A541865C-0382-4598-83D5-E1CFB4FCF92F}.Debug|GrayboxCE (ARMV4I).Deploy.0 = Debug|GrayboxCE (ARMV4I)
		{A541865C-0382-4598-83D5-E1CFB4FCF92F}.Debug|GrayboxCE (x86).ActiveCfg = Debug|GrayboxCE (x86)
		{A541865C-0382-4598-83D5-E1CFB4FCF92F}.Debug|GrayboxCE (x86).Build.0 = Debug|GrayboxCE (x86)
		{A541865C-0382-4598-83D5-E1CFB4FCF92F}.Debug|GrayboxCE (x86).Deploy.0 = Debug|GrayboxCE (x86)
		{A541865C-0382-4598-83D5-E1CFB4FCF92F}.Debug|Mixed Platforms.ActiveCfg = Debug|Pocket PC 2003 (ARMV4)
		{A541865C-0382-4598-83D5-E1CFB4FCF92F}.Debug|Mixed Platforms.Build.0 = Debug|Pocket PC 2003 (ARMV4)
		{A541865C-0382-4598-83D5-E1CFB4FCF92F}.Debug|Mixed Platforms.Deploy.0 = Debug|Pocket PC 2003 (ARMV4)
		{A541865C-0382-4598-83D5-E1CFB4FCF92F}.Debug|Pocket PC 2003 (ARMV4).ActiveCfg = Debug|Pocket PC 2003 (ARMV4)
		{A541865C-0382-4598-83D5-E1CFB4FCF92F}.Debug|Pocket PC 2003 (ARMV4).Build.0 = Debug|Pocket PC 2003 (ARMV4)
		{A541865C-0382-4598-83D5-E1CFB4FCF92F}.Debug|Pocket PC 2003 (ARMV4).Deploy.0 = Debug|Pocket PC 2003 (ARMV4)
		{A541865C-0382-4598-83D5-E1CFB4FCF92F}.Debug|Smartphone 2003 (ARMV4).ActiveCfg = Debug|Pocket PC 2003 (ARMV4)
		{A541865C-0382-4598-83D5-E1CFB4FCF92F}.Debug|Win32.ActiveCfg = Debug|Pocket PC 2003 (ARMV4)
		{A541865C-0382-4598-83D5-E1CFB4FCF92F}.Release|Any CPU.ActiveCfg = Release|Pocket PC 2003 (ARMV4)
		{A541865C-0382-4598-83D5-E1CFB4FCF92F}.Release|GrayboxCE (ARMV4I).ActiveCfg = Release|GrayboxCE (ARMV4I)
		{A541865C-0382-4598-83D5-E1CFB4FCF92F}.Release|GrayboxCE (ARMV4I).Build.0 = Release|GrayboxCE (ARMV4I)
		{A541865C-0382-4598-83D5-E1CFB4FCF92F}.Release|GrayboxCE (ARMV4I).Deploy.0 = Release|GrayboxCE (ARMV4I)
		{A541865C-0382-4598-83D5-E1CFB4FCF92F}.Release|GrayboxCE (x86).ActiveCfg = Release|GrayboxCE (x86)
		{A541865C-0382-4598-83D5-E1CFB4FCF92F}.Release|GrayboxCE (x86).Build.0 = Release|GrayboxCE (x86)
		{A541865C-0382-4598-83D5-E1CFB4FCF92F}.Release|GrayboxCE (x86).Deploy.0 = Release|GrayboxCE (x86)
		{A541865C-0382-4598-83D5-E1CFB4FCF92F}.Release|Mixed Platforms.ActiveCfg = Release|Pocket PC 2003 (ARMV4)
		{A541865C-0382-4598-83D5-E1CFB4FCF92F}.Release|Mixed Platforms.Build.0 = Release|Pocket PC 2003 (ARMV4)
		{A541865C-0382-4598-83D5-E1CFB4FCF92F}.Release|Mixed Platforms.Deploy.0 = Release|Pocket PC 2003 (ARMV4)
		{A541865C-0382-4598-83D5-E1CFB4FCF92F}.Release|Pocket PC 2003 (ARMV4).ActiveCfg = Release|Pocket PC 2003 (ARMV4)
		{A541865C-0382-4598-83D5-E1CFB4FCF92F}.Release|Pocket PC 2003 (ARMV4).Build.0 = Release|Pocket PC 2003 (ARMV4)
		{A541865C-0382-4598-83D5-E1CFB4FCF92F}.Release|Pocket PC 2003 (ARMV4).Deploy.0 = Release|Pocket PC 2003 (ARMV4)
		{A541865C-0382-4598-83D5-E1CFB4FCF92F}.Release|Smartphone 2003 (ARMV4).ActiveCfg = Release|Pocket PC 2003 (ARMV4)
		{A541865C-0382-4598-83D5-E1CFB4FCF92F}.Release|Win32.ActiveCfg = Release|Pocket PC 2003 (ARMV4)
	EndGlobalSection
	GlobalSection(SolutionProperties) = preSolution
		HideSolutionNode = FALSE
	EndGlobalSection
	GlobalSection(NestedProjects) = preSolution
		{B9BCCF2C-9685-4716-AB60-3E81B33F52BE} = {AA5B2849-61FC-4737-B402-0CDEA5624577}
		{9CE4383A-7EFA-43D5-868D-AF6F6866060F} = {AA5B2849-61FC-4737-B402-0CDEA5624577}
		{6D50B610-1519-4AB8-B71B-6D81A04D7369} = {AA5B2849-61FC-4737-B402-0CDEA5624577}
		{0E2C5B55-9C38-45E8-B59B-D926045D8E17} = {C260A6A1-983F-43CB-A65B-B5168BA8CA5E}
		{88EF20A4-3006-4CD3-AAD0-0067EF30F3FD} = {C260A6A1-983F-43CB-A65B-B5168BA8CA5E}
		{5FECB775-9112-4D7C-BF6F-E44D06B9F9C7} = {C260A6A1-983F-43CB-A65B-B5168BA8CA5E}
		{1CD9B8BB-4BFC-4EA2-8AAF-91AEF1C21D91} = {C260A6A1-983F-43CB-A65B-B5168BA8CA5E}
		{5B10CE17-0127-49C3-BDBF-85205A782149} = {C260A6A1-983F-43CB-A65B-B5168BA8CA5E}
		{53647423-1B5A-4A0A-A5BE-0FD045EF4E81} = {C260A6A1-983F-43CB-A65B-B5168BA8CA5E}
		{A541865C-0382-4598-83D5-E1CFB4FCF92F} = {C260A6A1-983F-43CB-A65B-B5168BA8CA5E}
	EndGlobalSection
EndGlobal
