
Microsoft Visual Studio Solution File, Format Version 12.00
# Visual Studio 2013
VisualStudioVersion = 12.0.30501.0
MinimumVisualStudioVersion = 10.0.40219.1
Project("{FAE04EC0-301F-11D3-BF4B-00C04F79EFBC}") = "DNPslaveGUI", "DNPslaveGUI.csproj", "{98440955-2F9F-4F25-9CA3-382D10FA2DDE}"
EndProject
Global
	GlobalSection(SolutionConfigurationPlatforms) = preSolution
		Debug|Any CPU = Debug|Any CPU
		Release|Any CPU = Release|Any CPU
	EndGlobalSection
	GlobalSection(ProjectConfigurationPlatforms) = postSolution
		{98440955-2F9F-4F25-9CA3-382D10FA2DDE}.Debug|Any CPU.ActiveCfg = Debug|Any CPU
		{98440955-2F9F-4F25-9CA3-382D10FA2DDE}.Debug|Any CPU.Build.0 = Debug|Any CPU
		{98440955-2F9F-4F25-9CA3-382D10FA2DDE}.Release|Any CPU.ActiveCfg = Release|Any CPU
		{98440955-2F9F-4F25-9CA3-382D10FA2DDE}.Release|Any CPU.Build.0 = Release|Any CPU
	EndGlobalSection
	GlobalSection(SolutionProperties) = preSolution
		HideSolutionNode = FALSE
	EndGlobalSection
EndGlobal
