
Microsoft Visual Studio Solution File, Format Version 12.00
# Visual Studio 2012
Project("{2150E333-8FDC-42A3-9474-1A3956D46DE8}") = "Windows CE", "Windows CE", "{996C3727-C468-4216-9F34-C5564A9DA76C}"
EndProject
Project("{2150E333-8FDC-42A3-9474-1A3956D46DE8}") = "Windows", "Windows", "{18EA2B18-D972-4B76-9B94-2A0323B13893}"
EndProject
Project("{FAE04EC0-301F-11D3-BF4B-00C04F79EFBC}") = "ClrLifeTime", "ClrLifeTime\ClrLifeTime.csproj", "{59817D91-0452-4FF5-BB33-36BA95AC53BC}"
EndProject
Project("{FAE04EC0-301F-11D3-BF4B-00C04F79EFBC}") = "ClrMinOpc", "ClrMinOpc\ClrMinOpc.csproj", "{1217D2D0-DB0E-434F-A38A-06218CA80717}"
EndProject
Project("{FAE04EC0-301F-11D3-BF4B-00C04F79EFBC}") = "Clr2LifeTime", "Clr2LifeTime\Clr2LifeTime.csproj", "{A779AB6C-1E23-4D17-AA7F-9527D5292AB3}"
EndProject
Project("{FAE04EC0-301F-11D3-BF4B-00C04F79EFBC}") = "Clr2MinOpc", "Clr2MinOpc\Clr2MinOpc.csproj", "{4C868B4D-3810-432A-BAB7-9888D6F5B5C4}"
EndProject
Project("{FAE04EC0-301F-11D3-BF4B-00C04F79EFBC}") = "ClrTagPolling", "ClrTagPolling\ClrTagPolling.csproj", "{EEBE14DC-A633-4460-AAB4-AD837C298BF9}"
EndProject
Project("{FAE04EC0-301F-11D3-BF4B-00C04F79EFBC}") = "Clr2TagPolling", "Clr2TagPolling\Clr2TagPolling.csproj", "{5F98532F-6138-4C0B-AF7D-0F1139CE65DB}"
EndProject
Project("{FAE04EC0-301F-11D3-BF4B-00C04F79EFBC}") = "ClrCreateTags", "ClrCreateTags\ClrCreateTags.csproj", "{A8E0E391-E829-404C-9BB5-67DF4183611B}"
EndProject
Project("{FAE04EC0-301F-11D3-BF4B-00C04F79EFBC}") = "Clr2CreateTags", "Clr2CreateTags\Clr2CreateTags.csproj", "{8DEC44C4-4651-42CA-A262-577A1B2CD1AB}"
EndProject
Project("{FAE04EC0-301F-11D3-BF4B-00C04F79EFBC}") = "ClrOPCProperties", "ClrOPCProperties\ClrOPCProperties.csproj", "{D716C82A-622B-42B8-977E-F589749B75F8}"
EndProject
Project("{FAE04EC0-301F-11D3-BF4B-00C04F79EFBC}") = "Clr2OPCProperties", "Clr2OPCProperties\Clr2OPCProperties.csproj", "{49B532C2-BE19-478C-AE39-A635C8969009}"
EndProject
Global
	GlobalSection(SolutionConfigurationPlatforms) = preSolution
		Debug|Any CPU = Debug|Any CPU
		Release|Any CPU = Release|Any CPU
	EndGlobalSection
	GlobalSection(ProjectConfigurationPlatforms) = postSolution
		{59817D91-0452-4FF5-BB33-36BA95AC53BC}.Debug|Any CPU.ActiveCfg = Debug|Any CPU
		{59817D91-0452-4FF5-BB33-36BA95AC53BC}.Debug|Any CPU.Build.0 = Debug|Any CPU
		{59817D91-0452-4FF5-BB33-36BA95AC53BC}.Release|Any CPU.ActiveCfg = Release|Any CPU
		{59817D91-0452-4FF5-BB33-36BA95AC53BC}.Release|Any CPU.Build.0 = Release|Any CPU
		{1217D2D0-DB0E-434F-A38A-06218CA80717}.Debug|Any CPU.ActiveCfg = Debug|Any CPU
		{1217D2D0-DB0E-434F-A38A-06218CA80717}.Debug|Any CPU.Build.0 = Debug|Any CPU
		{1217D2D0-DB0E-434F-A38A-06218CA80717}.Release|Any CPU.ActiveCfg = Release|Any CPU
		{1217D2D0-DB0E-434F-A38A-06218CA80717}.Release|Any CPU.Build.0 = Release|Any CPU
		{A779AB6C-1E23-4D17-AA7F-9527D5292AB3}.Debug|Any CPU.ActiveCfg = Debug|Any CPU
		{A779AB6C-1E23-4D17-AA7F-9527D5292AB3}.Debug|Any CPU.Build.0 = Debug|Any CPU
		{A779AB6C-1E23-4D17-AA7F-9527D5292AB3}.Debug|Any CPU.Deploy.0 = Debug|Any CPU
		{A779AB6C-1E23-4D17-AA7F-9527D5292AB3}.Release|Any CPU.ActiveCfg = Release|Any CPU
		{A779AB6C-1E23-4D17-AA7F-9527D5292AB3}.Release|Any CPU.Build.0 = Release|Any CPU
		{A779AB6C-1E23-4D17-AA7F-9527D5292AB3}.Release|Any CPU.Deploy.0 = Release|Any CPU
		{4C868B4D-3810-432A-BAB7-9888D6F5B5C4}.Debug|Any CPU.ActiveCfg = Debug|Any CPU
		{4C868B4D-3810-432A-BAB7-9888D6F5B5C4}.Debug|Any CPU.Build.0 = Debug|Any CPU
		{4C868B4D-3810-432A-BAB7-9888D6F5B5C4}.Debug|Any CPU.Deploy.0 = Debug|Any CPU
		{4C868B4D-3810-432A-BAB7-9888D6F5B5C4}.Release|Any CPU.ActiveCfg = Release|Any CPU
		{4C868B4D-3810-432A-BAB7-9888D6F5B5C4}.Release|Any CPU.Build.0 = Release|Any CPU
		{4C868B4D-3810-432A-BAB7-9888D6F5B5C4}.Release|Any CPU.Deploy.0 = Release|Any CPU
		{EEBE14DC-A633-4460-AAB4-AD837C298BF9}.Debug|Any CPU.ActiveCfg = Debug|Any CPU
		{EEBE14DC-A633-4460-AAB4-AD837C298BF9}.Debug|Any CPU.Build.0 = Debug|Any CPU
		{EEBE14DC-A633-4460-AAB4-AD837C298BF9}.Release|Any CPU.ActiveCfg = Release|Any CPU
		{EEBE14DC-A633-4460-AAB4-AD837C298BF9}.Release|Any CPU.Build.0 = Release|Any CPU
		{5F98532F-6138-4C0B-AF7D-0F1139CE65DB}.Debug|Any CPU.ActiveCfg = Debug|Any CPU
		{5F98532F-6138-4C0B-AF7D-0F1139CE65DB}.Debug|Any CPU.Build.0 = Debug|Any CPU
		{5F98532F-6138-4C0B-AF7D-0F1139CE65DB}.Debug|Any CPU.Deploy.0 = Debug|Any CPU
		{5F98532F-6138-4C0B-AF7D-0F1139CE65DB}.Release|Any CPU.ActiveCfg = Release|Any CPU
		{5F98532F-6138-4C0B-AF7D-0F1139CE65DB}.Release|Any CPU.Build.0 = Release|Any CPU
		{5F98532F-6138-4C0B-AF7D-0F1139CE65DB}.Release|Any CPU.Deploy.0 = Release|Any CPU
		{A8E0E391-E829-404C-9BB5-67DF4183611B}.Debug|Any CPU.ActiveCfg = Debug|Any CPU
		{A8E0E391-E829-404C-9BB5-67DF4183611B}.Debug|Any CPU.Build.0 = Debug|Any CPU
		{A8E0E391-E829-404C-9BB5-67DF4183611B}.Release|Any CPU.ActiveCfg = Release|Any CPU
		{A8E0E391-E829-404C-9BB5-67DF4183611B}.Release|Any CPU.Build.0 = Release|Any CPU
		{8DEC44C4-4651-42CA-A262-577A1B2CD1AB}.Debug|Any CPU.ActiveCfg = Debug|Any CPU
		{8DEC44C4-4651-42CA-A262-577A1B2CD1AB}.Debug|Any CPU.Build.0 = Debug|Any CPU
		{8DEC44C4-4651-42CA-A262-577A1B2CD1AB}.Debug|Any CPU.Deploy.0 = Debug|Any CPU
		{8DEC44C4-4651-42CA-A262-577A1B2CD1AB}.Release|Any CPU.ActiveCfg = Release|Any CPU
		{8DEC44C4-4651-42CA-A262-577A1B2CD1AB}.Release|Any CPU.Build.0 = Release|Any CPU
		{8DEC44C4-4651-42CA-A262-577A1B2CD1AB}.Release|Any CPU.Deploy.0 = Release|Any CPU
		{D716C82A-622B-42B8-977E-F589749B75F8}.Debug|Any CPU.ActiveCfg = Debug|Any CPU
		{D716C82A-622B-42B8-977E-F589749B75F8}.Debug|Any CPU.Build.0 = Debug|Any CPU
		{D716C82A-622B-42B8-977E-F589749B75F8}.Release|Any CPU.ActiveCfg = Release|Any CPU
		{D716C82A-622B-42B8-977E-F589749B75F8}.Release|Any CPU.Build.0 = Release|Any CPU
		{49B532C2-BE19-478C-AE39-A635C8969009}.Debug|Any CPU.ActiveCfg = Debug|Any CPU
		{49B532C2-BE19-478C-AE39-A635C8969009}.Debug|Any CPU.Build.0 = Debug|Any CPU
		{49B532C2-BE19-478C-AE39-A635C8969009}.Debug|Any CPU.Deploy.0 = Debug|Any CPU
		{49B532C2-BE19-478C-AE39-A635C8969009}.Release|Any CPU.ActiveCfg = Release|Any CPU
		{49B532C2-BE19-478C-AE39-A635C8969009}.Release|Any CPU.Build.0 = Release|Any CPU
		{49B532C2-BE19-478C-AE39-A635C8969009}.Release|Any CPU.Deploy.0 = Release|Any CPU
	EndGlobalSection
	GlobalSection(SolutionProperties) = preSolution
		HideSolutionNode = FALSE
	EndGlobalSection
	GlobalSection(NestedProjects) = preSolution
		{A779AB6C-1E23-4D17-AA7F-9527D5292AB3} = {996C3727-C468-4216-9F34-C5564A9DA76C}
		{4C868B4D-3810-432A-BAB7-9888D6F5B5C4} = {996C3727-C468-4216-9F34-C5564A9DA76C}
		{5F98532F-6138-4C0B-AF7D-0F1139CE65DB} = {996C3727-C468-4216-9F34-C5564A9DA76C}
		{8DEC44C4-4651-42CA-A262-577A1B2CD1AB} = {996C3727-C468-4216-9F34-C5564A9DA76C}
		{49B532C2-BE19-478C-AE39-A635C8969009} = {996C3727-C468-4216-9F34-C5564A9DA76C}
		{59817D91-0452-4FF5-BB33-36BA95AC53BC} = {18EA2B18-D972-4B76-9B94-2A0323B13893}
		{1217D2D0-DB0E-434F-A38A-06218CA80717} = {18EA2B18-D972-4B76-9B94-2A0323B13893}
		{EEBE14DC-A633-4460-AAB4-AD837C298BF9} = {18EA2B18-D972-4B76-9B94-2A0323B13893}
		{A8E0E391-E829-404C-9BB5-67DF4183611B} = {18EA2B18-D972-4B76-9B94-2A0323B13893}
		{D716C82A-622B-42B8-977E-F589749B75F8} = {18EA2B18-D972-4B76-9B94-2A0323B13893}
	EndGlobalSection
EndGlobal
