
Microsoft Visual Studio Solution File, Format Version 9.00
# Visual Studio 2005
Project("{2150E333-8FDC-42A3-9474-1A3956D46DE8}") = "Windows", "Windows", "{5D785955-8257-4C94-A6C8-A0DA4A9FD1AA}"
EndProject
Project("{2150E333-8FDC-42A3-9474-1A3956D46DE8}") = "Windows CE", "Windows CE", "{D43196CE-5C65-41F6-822D-EC9678833D6A}"
EndProject
Project("{F184B08F-C81C-45F6-A57F-5ABD9991F28F}") = "ClrMinOpc_VB", "ClrMinOpc_VB\ClrMinOpc_VB.vbproj", "{0F567A47-2294-4E44-8804-2EFFA0EAB713}"
EndProject
Project("{F184B08F-C81C-45F6-A57F-5ABD9991F28F}") = "ClrOpcProperties_VB", "ClrOpcProperties_VB\ClrOpcProperties_VB.vbproj", "{BAF555D1-C074-4F6B-8506-4BFA6B03BF9A}"
EndProject
Project("{F184B08F-C81C-45F6-A57F-5ABD9991F28F}") = "ClrCreateTags_VB", "ClrCreateTags_VB\ClrCreateTags_VB.vbproj", "{3B31C2AE-F4B4-4C92-A2F6-A0BDDF2700D3}"
EndProject
Project("{F184B08F-C81C-45F6-A57F-5ABD9991F28F}") = "ClrTagPolling_VB", "ClrTagPolling_VB\ClrTagPolling_VB.vbproj", "{B2E0BEA7-0626-4F7D-8B2D-792A86E19348}"
EndProject
Project("{F184B08F-C81C-45F6-A57F-5ABD9991F28F}") = "ClrLifeTime_VB", "ClrLifeTime_VB\ClrLifeTime_VB.vbproj", "{7B73D834-40DC-4888-A436-71B6CAA6084E}"
EndProject
Project("{F184B08F-C81C-45F6-A57F-5ABD9991F28F}") = "Clr2MinOpc_VB", "Clr2MinOpc_VB\Clr2MinOpc_VB.vbproj", "{B74C2100-9CDF-4931-B6FA-61800CC12EE2}"
EndProject
Project("{F184B08F-C81C-45F6-A57F-5ABD9991F28F}") = "Clr2CreateTags_VB", "Clr2CreateTags_VB\Clr2CreateTags_VB.vbproj", "{CC5F4CB5-8E4D-4028-B7C6-605EC06FD2D2}"
EndProject
Project("{F184B08F-C81C-45F6-A57F-5ABD9991F28F}") = "Clr2LifeTime_VB", "Clr2LifeTime_VB\Clr2LifeTime_VB.vbproj", "{0C2F1799-E664-4168-8DC0-76E3312047A2}"
EndProject
Project("{F184B08F-C81C-45F6-A57F-5ABD9991F28F}") = "Clr2OpcProperties_VB", "Clr2OpcProperties_VB\Clr2OpcProperties_VB.vbproj", "{24DB4C6E-1EB3-44D8-9A5F-93949DBE2613}"
EndProject
Project("{F184B08F-C81C-45F6-A57F-5ABD9991F28F}") = "Clr2TagPolling_VB", "Clr2TagPolling_VB\Clr2TagPolling_VB.vbproj", "{BF2AFA91-96F9-4F59-B07D-B8476DF98E6C}"
EndProject
Global
	GlobalSection(SolutionConfigurationPlatforms) = preSolution
		Debug|Any CPU = Debug|Any CPU
		Release|Any CPU = Release|Any CPU
	EndGlobalSection
	GlobalSection(ProjectConfigurationPlatforms) = postSolution
		{0F567A47-2294-4E44-8804-2EFFA0EAB713}.Debug|Any CPU.ActiveCfg = Debug|Any CPU
		{0F567A47-2294-4E44-8804-2EFFA0EAB713}.Debug|Any CPU.Build.0 = Debug|Any CPU
		{0F567A47-2294-4E44-8804-2EFFA0EAB713}.Release|Any CPU.ActiveCfg = Release|Any CPU
		{0F567A47-2294-4E44-8804-2EFFA0EAB713}.Release|Any CPU.Build.0 = Release|Any CPU
		{BAF555D1-C074-4F6B-8506-4BFA6B03BF9A}.Debug|Any CPU.ActiveCfg = Debug|Any CPU
		{BAF555D1-C074-4F6B-8506-4BFA6B03BF9A}.Debug|Any CPU.Build.0 = Debug|Any CPU
		{BAF555D1-C074-4F6B-8506-4BFA6B03BF9A}.Release|Any CPU.ActiveCfg = Release|Any CPU
		{BAF555D1-C074-4F6B-8506-4BFA6B03BF9A}.Release|Any CPU.Build.0 = Release|Any CPU
		{3B31C2AE-F4B4-4C92-A2F6-A0BDDF2700D3}.Debug|Any CPU.ActiveCfg = Debug|Any CPU
		{3B31C2AE-F4B4-4C92-A2F6-A0BDDF2700D3}.Debug|Any CPU.Build.0 = Debug|Any CPU
		{3B31C2AE-F4B4-4C92-A2F6-A0BDDF2700D3}.Release|Any CPU.ActiveCfg = Release|Any CPU
		{3B31C2AE-F4B4-4C92-A2F6-A0BDDF2700D3}.Release|Any CPU.Build.0 = Release|Any CPU
		{B2E0BEA7-0626-4F7D-8B2D-792A86E19348}.Debug|Any CPU.ActiveCfg = Debug|Any CPU
		{B2E0BEA7-0626-4F7D-8B2D-792A86E19348}.Debug|Any CPU.Build.0 = Debug|Any CPU
		{B2E0BEA7-0626-4F7D-8B2D-792A86E19348}.Release|Any CPU.ActiveCfg = Release|Any CPU
		{B2E0BEA7-0626-4F7D-8B2D-792A86E19348}.Release|Any CPU.Build.0 = Release|Any CPU
		{7B73D834-40DC-4888-A436-71B6CAA6084E}.Debug|Any CPU.ActiveCfg = Debug|Any CPU
		{7B73D834-40DC-4888-A436-71B6CAA6084E}.Debug|Any CPU.Build.0 = Debug|Any CPU
		{7B73D834-40DC-4888-A436-71B6CAA6084E}.Release|Any CPU.ActiveCfg = Release|Any CPU
		{7B73D834-40DC-4888-A436-71B6CAA6084E}.Release|Any CPU.Build.0 = Release|Any CPU
		{B74C2100-9CDF-4931-B6FA-61800CC12EE2}.Debug|Any CPU.ActiveCfg = Debug|Any CPU
		{B74C2100-9CDF-4931-B6FA-61800CC12EE2}.Debug|Any CPU.Build.0 = Debug|Any CPU
		{B74C2100-9CDF-4931-B6FA-61800CC12EE2}.Debug|Any CPU.Deploy.0 = Debug|Any CPU
		{B74C2100-9CDF-4931-B6FA-61800CC12EE2}.Release|Any CPU.ActiveCfg = Release|Any CPU
		{B74C2100-9CDF-4931-B6FA-61800CC12EE2}.Release|Any CPU.Build.0 = Release|Any CPU
		{B74C2100-9CDF-4931-B6FA-61800CC12EE2}.Release|Any CPU.Deploy.0 = Release|Any CPU
		{CC5F4CB5-8E4D-4028-B7C6-605EC06FD2D2}.Debug|Any CPU.ActiveCfg = Debug|Any CPU
		{CC5F4CB5-8E4D-4028-B7C6-605EC06FD2D2}.Debug|Any CPU.Build.0 = Debug|Any CPU
		{CC5F4CB5-8E4D-4028-B7C6-605EC06FD2D2}.Debug|Any CPU.Deploy.0 = Debug|Any CPU
		{CC5F4CB5-8E4D-4028-B7C6-605EC06FD2D2}.Release|Any CPU.ActiveCfg = Release|Any CPU
		{CC5F4CB5-8E4D-4028-B7C6-605EC06FD2D2}.Release|Any CPU.Build.0 = Release|Any CPU
		{CC5F4CB5-8E4D-4028-B7C6-605EC06FD2D2}.Release|Any CPU.Deploy.0 = Release|Any CPU
		{0C2F1799-E664-4168-8DC0-76E3312047A2}.Debug|Any CPU.ActiveCfg = Debug|Any CPU
		{0C2F1799-E664-4168-8DC0-76E3312047A2}.Debug|Any CPU.Build.0 = Debug|Any CPU
		{0C2F1799-E664-4168-8DC0-76E3312047A2}.Debug|Any CPU.Deploy.0 = Debug|Any CPU
		{0C2F1799-E664-4168-8DC0-76E3312047A2}.Release|Any CPU.ActiveCfg = Release|Any CPU
		{0C2F1799-E664-4168-8DC0-76E3312047A2}.Release|Any CPU.Build.0 = Release|Any CPU
		{0C2F1799-E664-4168-8DC0-76E3312047A2}.Release|Any CPU.Deploy.0 = Release|Any CPU
		{24DB4C6E-1EB3-44D8-9A5F-93949DBE2613}.Debug|Any CPU.ActiveCfg = Debug|Any CPU
		{24DB4C6E-1EB3-44D8-9A5F-93949DBE2613}.Debug|Any CPU.Build.0 = Debug|Any CPU
		{24DB4C6E-1EB3-44D8-9A5F-93949DBE2613}.Debug|Any CPU.Deploy.0 = Debug|Any CPU
		{24DB4C6E-1EB3-44D8-9A5F-93949DBE2613}.Release|Any CPU.ActiveCfg = Release|Any CPU
		{24DB4C6E-1EB3-44D8-9A5F-93949DBE2613}.Release|Any CPU.Build.0 = Release|Any CPU
		{24DB4C6E-1EB3-44D8-9A5F-93949DBE2613}.Release|Any CPU.Deploy.0 = Release|Any CPU
		{BF2AFA91-96F9-4F59-B07D-B8476DF98E6C}.Debug|Any CPU.ActiveCfg = Debug|Any CPU
		{BF2AFA91-96F9-4F59-B07D-B8476DF98E6C}.Debug|Any CPU.Build.0 = Debug|Any CPU
		{BF2AFA91-96F9-4F59-B07D-B8476DF98E6C}.Debug|Any CPU.Deploy.0 = Debug|Any CPU
		{BF2AFA91-96F9-4F59-B07D-B8476DF98E6C}.Release|Any CPU.ActiveCfg = Release|Any CPU
		{BF2AFA91-96F9-4F59-B07D-B8476DF98E6C}.Release|Any CPU.Build.0 = Release|Any CPU
		{BF2AFA91-96F9-4F59-B07D-B8476DF98E6C}.Release|Any CPU.Deploy.0 = Release|Any CPU
	EndGlobalSection
	GlobalSection(SolutionProperties) = preSolution
		HideSolutionNode = FALSE
	EndGlobalSection
	GlobalSection(NestedProjects) = preSolution
		{0F567A47-2294-4E44-8804-2EFFA0EAB713} = {5D785955-8257-4C94-A6C8-A0DA4A9FD1AA}
		{BAF555D1-C074-4F6B-8506-4BFA6B03BF9A} = {5D785955-8257-4C94-A6C8-A0DA4A9FD1AA}
		{3B31C2AE-F4B4-4C92-A2F6-A0BDDF2700D3} = {5D785955-8257-4C94-A6C8-A0DA4A9FD1AA}
		{B2E0BEA7-0626-4F7D-8B2D-792A86E19348} = {5D785955-8257-4C94-A6C8-A0DA4A9FD1AA}
		{7B73D834-40DC-4888-A436-71B6CAA6084E} = {5D785955-8257-4C94-A6C8-A0DA4A9FD1AA}
		{B74C2100-9CDF-4931-B6FA-61800CC12EE2} = {D43196CE-5C65-41F6-822D-EC9678833D6A}
		{CC5F4CB5-8E4D-4028-B7C6-605EC06FD2D2} = {D43196CE-5C65-41F6-822D-EC9678833D6A}
		{0C2F1799-E664-4168-8DC0-76E3312047A2} = {D43196CE-5C65-41F6-822D-EC9678833D6A}
		{24DB4C6E-1EB3-44D8-9A5F-93949DBE2613} = {D43196CE-5C65-41F6-822D-EC9678833D6A}
		{BF2AFA91-96F9-4F59-B07D-B8476DF98E6C} = {D43196CE-5C65-41F6-822D-EC9678833D6A}
	EndGlobalSection
EndGlobal
